
Microsoft Visual Studio Solution File, Format Version 12.00
# Visual Studio 14
VisualStudioVersion = 14.0.25420.1
MinimumVisualStudioVersion = 10.0.40219.1
Project("{FAE04EC0-301F-11D3-BF4B-00C04F79EFBC}") = "Weather", "Weather\Weather\Weather.csproj", "{465EFC46-5594-4EA8-A7F0-5AF390882CCF}"
EndProject
Project("{FAE04EC0-301F-11D3-BF4B-00C04F79EFBC}") = "Weather.Droid", "Weather\Weather.Droid\Weather.Droid.csproj", "{439EDF54-4595-499D-AC90-1548D7FF9C69}"
EndProject
Project("{FAE04EC0-301F-11D3-BF4B-00C04F79EFBC}") = "Weather.iOS", "Weather\Weather.iOS\Weather.iOS.csproj", "{CB98C3EE-E9F1-4C58-9ED7-B5AC0EB32198}"
EndProject
Project("{FAE04EC0-301F-11D3-BF4B-00C04F79EFBC}") = "Weather.WinPhone", "Weather\Weather.WinPhone\Weather.WinPhone.csproj", "{1F13FF29-5008-49B2-AB18-8F931C1D9269}"
EndProject
Project("{FAE04EC0-301F-11D3-BF4B-00C04F79EFBC}") = "Weather.Model", "Weather.Model\Weather.Model.csproj", "{67F9D3A8-F71E-4428-913F-C37AE82CDB24}"
EndProject
Project("{FAE04EC0-301F-11D3-BF4B-00C04F79EFBC}") = "Weather.Service", "Weather.Service\Weather.Service.csproj", "{DF969C53-F0E6-468C-B0D9-F1ACB3C7C750}"
EndProject
Global
	GlobalSection(SolutionConfigurationPlatforms) = preSolution
		Ad-Hoc|Any CPU = Ad-Hoc|Any CPU
		Ad-Hoc|ARM = Ad-Hoc|ARM
		Ad-Hoc|iPhone = Ad-Hoc|iPhone
		Ad-Hoc|iPhoneSimulator = Ad-Hoc|iPhoneSimulator
		Ad-Hoc|x64 = Ad-Hoc|x64
		Ad-Hoc|x86 = Ad-Hoc|x86
		AppStore|Any CPU = AppStore|Any CPU
		AppStore|ARM = AppStore|ARM
		AppStore|iPhone = AppStore|iPhone
		AppStore|iPhoneSimulator = AppStore|iPhoneSimulator
		AppStore|x64 = AppStore|x64
		AppStore|x86 = AppStore|x86
		Debug|Any CPU = Debug|Any CPU
		Debug|ARM = Debug|ARM
		Debug|iPhone = Debug|iPhone
		Debug|iPhoneSimulator = Debug|iPhoneSimulator
		Debug|x64 = Debug|x64
		Debug|x86 = Debug|x86
		Release|Any CPU = Release|Any CPU
		Release|ARM = Release|ARM
		Release|iPhone = Release|iPhone
		Release|iPhoneSimulator = Release|iPhoneSimulator
		Release|x64 = Release|x64
		Release|x86 = Release|x86
	EndGlobalSection
	GlobalSection(ProjectConfigurationPlatforms) = postSolution
		{465EFC46-5594-4EA8-A7F0-5AF390882CCF}.Ad-Hoc|Any CPU.ActiveCfg = Release|Any CPU
		{465EFC46-5594-4EA8-A7F0-5AF390882CCF}.Ad-Hoc|Any CPU.Build.0 = Release|Any CPU
		{465EFC46-5594-4EA8-A7F0-5AF390882CCF}.Ad-Hoc|ARM.ActiveCfg = Release|Any CPU
		{465EFC46-5594-4EA8-A7F0-5AF390882CCF}.Ad-Hoc|ARM.Build.0 = Release|Any CPU
		{465EFC46-5594-4EA8-A7F0-5AF390882CCF}.Ad-Hoc|iPhone.ActiveCfg = Release|Any CPU
		{465EFC46-5594-4EA8-A7F0-5AF390882CCF}.Ad-Hoc|iPhone.Build.0 = Release|Any CPU
		{465EFC46-5594-4EA8-A7F0-5AF390882CCF}.Ad-Hoc|iPhoneSimulator.ActiveCfg = Release|Any CPU
		{465EFC46-5594-4EA8-A7F0-5AF390882CCF}.Ad-Hoc|iPhoneSimulator.Build.0 = Release|Any CPU
		{465EFC46-5594-4EA8-A7F0-5AF390882CCF}.Ad-Hoc|x64.ActiveCfg = Release|Any CPU
		{465EFC46-5594-4EA8-A7F0-5AF390882CCF}.Ad-Hoc|x64.Build.0 = Release|Any CPU
		{465EFC46-5594-4EA8-A7F0-5AF390882CCF}.Ad-Hoc|x86.ActiveCfg = Release|Any CPU
		{465EFC46-5594-4EA8-A7F0-5AF390882CCF}.Ad-Hoc|x86.Build.0 = Release|Any CPU
		{465EFC46-5594-4EA8-A7F0-5AF390882CCF}.AppStore|Any CPU.ActiveCfg = Release|Any CPU
		{465EFC46-5594-4EA8-A7F0-5AF390882CCF}.AppStore|Any CPU.Build.0 = Release|Any CPU
		{465EFC46-5594-4EA8-A7F0-5AF390882CCF}.AppStore|ARM.ActiveCfg = Release|Any CPU
		{465EFC46-5594-4EA8-A7F0-5AF390882CCF}.AppStore|ARM.Build.0 = Release|Any CPU
		{465EFC46-5594-4EA8-A7F0-5AF390882CCF}.AppStore|iPhone.ActiveCfg = Release|Any CPU
		{465EFC46-5594-4EA8-A7F0-5AF390882CCF}.AppStore|iPhone.Build.0 = Release|Any CPU
		{465EFC46-5594-4EA8-A7F0-5AF390882CCF}.AppStore|iPhoneSimulator.ActiveCfg = Release|Any CPU
		{465EFC46-5594-4EA8-A7F0-5AF390882CCF}.AppStore|iPhoneSimulator.Build.0 = Release|Any CPU
		{465EFC46-5594-4EA8-A7F0-5AF390882CCF}.AppStore|x64.ActiveCfg = Release|Any CPU
		{465EFC46-5594-4EA8-A7F0-5AF390882CCF}.AppStore|x64.Build.0 = Release|Any CPU
		{465EFC46-5594-4EA8-A7F0-5AF390882CCF}.AppStore|x86.ActiveCfg = Release|Any CPU
		{465EFC46-5594-4EA8-A7F0-5AF390882CCF}.AppStore|x86.Build.0 = Release|Any CPU
		{465EFC46-5594-4EA8-A7F0-5AF390882CCF}.Debug|Any CPU.ActiveCfg = Debug|Any CPU
		{465EFC46-5594-4EA8-A7F0-5AF390882CCF}.Debug|Any CPU.Build.0 = Debug|Any CPU
		{465EFC46-5594-4EA8-A7F0-5AF390882CCF}.Debug|ARM.ActiveCfg = Debug|Any CPU
		{465EFC46-5594-4EA8-A7F0-5AF390882CCF}.Debug|ARM.Build.0 = Debug|Any CPU
		{465EFC46-5594-4EA8-A7F0-5AF390882CCF}.Debug|iPhone.ActiveCfg = Debug|Any CPU
		{465EFC46-5594-4EA8-A7F0-5AF390882CCF}.Debug|iPhone.Build.0 = Debug|Any CPU
		{465EFC46-5594-4EA8-A7F0-5AF390882CCF}.Debug|iPhoneSimulator.ActiveCfg = Debug|Any CPU
		{465EFC46-5594-4EA8-A7F0-5AF390882CCF}.Debug|iPhoneSimulator.Build.0 = Debug|Any CPU
		{465EFC46-5594-4EA8-A7F0-5AF390882CCF}.Debug|x64.ActiveCfg = Debug|Any CPU
		{465EFC46-5594-4EA8-A7F0-5AF390882CCF}.Debug|x64.Build.0 = Debug|Any CPU
		{465EFC46-5594-4EA8-A7F0-5AF390882CCF}.Debug|x86.ActiveCfg = Debug|Any CPU
		{465EFC46-5594-4EA8-A7F0-5AF390882CCF}.Debug|x86.Build.0 = Debug|Any CPU
		{465EFC46-5594-4EA8-A7F0-5AF390882CCF}.Release|Any CPU.ActiveCfg = Release|Any CPU
		{465EFC46-5594-4EA8-A7F0-5AF390882CCF}.Release|Any CPU.Build.0 = Release|Any CPU
		{465EFC46-5594-4EA8-A7F0-5AF390882CCF}.Release|ARM.ActiveCfg = Release|Any CPU
		{465EFC46-5594-4EA8-A7F0-5AF390882CCF}.Release|ARM.Build.0 = Release|Any CPU
		{465EFC46-5594-4EA8-A7F0-5AF390882CCF}.Release|iPhone.ActiveCfg = Release|Any CPU
		{465EFC46-5594-4EA8-A7F0-5AF390882CCF}.Release|iPhone.Build.0 = Release|Any CPU
		{465EFC46-5594-4EA8-A7F0-5AF390882CCF}.Release|iPhoneSimulator.ActiveCfg = Release|Any CPU
		{465EFC46-5594-4EA8-A7F0-5AF390882CCF}.Release|iPhoneSimulator.Build.0 = Release|Any CPU
		{465EFC46-5594-4EA8-A7F0-5AF390882CCF}.Release|x64.ActiveCfg = Release|Any CPU
		{465EFC46-5594-4EA8-A7F0-5AF390882CCF}.Release|x64.Build.0 = Release|Any CPU
		{465EFC46-5594-4EA8-A7F0-5AF390882CCF}.Release|x86.ActiveCfg = Release|Any CPU
		{465EFC46-5594-4EA8-A7F0-5AF390882CCF}.Release|x86.Build.0 = Release|Any CPU
		{439EDF54-4595-499D-AC90-1548D7FF9C69}.Ad-Hoc|Any CPU.ActiveCfg = Release|Any CPU
		{439EDF54-4595-499D-AC90-1548D7FF9C69}.Ad-Hoc|Any CPU.Build.0 = Release|Any CPU
		{439EDF54-4595-499D-AC90-1548D7FF9C69}.Ad-Hoc|Any CPU.Deploy.0 = Release|Any CPU
		{439EDF54-4595-499D-AC90-1548D7FF9C69}.Ad-Hoc|ARM.ActiveCfg = Release|Any CPU
		{439EDF54-4595-499D-AC90-1548D7FF9C69}.Ad-Hoc|ARM.Build.0 = Release|Any CPU
		{439EDF54-4595-499D-AC90-1548D7FF9C69}.Ad-Hoc|ARM.Deploy.0 = Release|Any CPU
		{439EDF54-4595-499D-AC90-1548D7FF9C69}.Ad-Hoc|iPhone.ActiveCfg = Release|Any CPU
		{439EDF54-4595-499D-AC90-1548D7FF9C69}.Ad-Hoc|iPhone.Build.0 = Release|Any CPU
		{439EDF54-4595-499D-AC90-1548D7FF9C69}.Ad-Hoc|iPhone.Deploy.0 = Release|Any CPU
		{439EDF54-4595-499D-AC90-1548D7FF9C69}.Ad-Hoc|iPhoneSimulator.ActiveCfg = Release|Any CPU
		{439EDF54-4595-499D-AC90-1548D7FF9C69}.Ad-Hoc|iPhoneSimulator.Build.0 = Release|Any CPU
		{439EDF54-4595-499D-AC90-1548D7FF9C69}.Ad-Hoc|iPhoneSimulator.Deploy.0 = Release|Any CPU
		{439EDF54-4595-499D-AC90-1548D7FF9C69}.Ad-Hoc|x64.ActiveCfg = Release|Any CPU
		{439EDF54-4595-499D-AC90-1548D7FF9C69}.Ad-Hoc|x64.Build.0 = Release|Any CPU
		{439EDF54-4595-499D-AC90-1548D7FF9C69}.Ad-Hoc|x64.Deploy.0 = Release|Any CPU
		{439EDF54-4595-499D-AC90-1548D7FF9C69}.Ad-Hoc|x86.ActiveCfg = Release|Any CPU
		{439EDF54-4595-499D-AC90-1548D7FF9C69}.Ad-Hoc|x86.Build.0 = Release|Any CPU
		{439EDF54-4595-499D-AC90-1548D7FF9C69}.Ad-Hoc|x86.Deploy.0 = Release|Any CPU
		{439EDF54-4595-499D-AC90-1548D7FF9C69}.AppStore|Any CPU.ActiveCfg = Release|Any CPU
		{439EDF54-4595-499D-AC90-1548D7FF9C69}.AppStore|Any CPU.Build.0 = Release|Any CPU
		{439EDF54-4595-499D-AC90-1548D7FF9C69}.AppStore|Any CPU.Deploy.0 = Release|Any CPU
		{439EDF54-4595-499D-AC90-1548D7FF9C69}.AppStore|ARM.ActiveCfg = Release|Any CPU
		{439EDF54-4595-499D-AC90-1548D7FF9C69}.AppStore|ARM.Build.0 = Release|Any CPU
		{439EDF54-4595-499D-AC90-1548D7FF9C69}.AppStore|ARM.Deploy.0 = Release|Any CPU
		{439EDF54-4595-499D-AC90-1548D7FF9C69}.AppStore|iPhone.ActiveCfg = Release|Any CPU
		{439EDF54-4595-499D-AC90-1548D7FF9C69}.AppStore|iPhone.Build.0 = Release|Any CPU
		{439EDF54-4595-499D-AC90-1548D7FF9C69}.AppStore|iPhone.Deploy.0 = Release|Any CPU
		{439EDF54-4595-499D-AC90-1548D7FF9C69}.AppStore|iPhoneSimulator.ActiveCfg = Release|Any CPU
		{439EDF54-4595-499D-AC90-1548D7FF9C69}.AppStore|iPhoneSimulator.Build.0 = Release|Any CPU
		{439EDF54-4595-499D-AC90-1548D7FF9C69}.AppStore|iPhoneSimulator.Deploy.0 = Release|Any CPU
		{439EDF54-4595-499D-AC90-1548D7FF9C69}.AppStore|x64.ActiveCfg = Release|Any CPU
		{439EDF54-4595-499D-AC90-1548D7FF9C69}.AppStore|x64.Build.0 = Release|Any CPU
		{439EDF54-4595-499D-AC90-1548D7FF9C69}.AppStore|x64.Deploy.0 = Release|Any CPU
		{439EDF54-4595-499D-AC90-1548D7FF9C69}.AppStore|x86.ActiveCfg = Release|Any CPU
		{439EDF54-4595-499D-AC90-1548D7FF9C69}.AppStore|x86.Build.0 = Release|Any CPU
		{439EDF54-4595-499D-AC90-1548D7FF9C69}.AppStore|x86.Deploy.0 = Release|Any CPU
		{439EDF54-4595-499D-AC90-1548D7FF9C69}.Debug|Any CPU.ActiveCfg = Debug|Any CPU
		{439EDF54-4595-499D-AC90-1548D7FF9C69}.Debug|Any CPU.Build.0 = Debug|Any CPU
		{439EDF54-4595-499D-AC90-1548D7FF9C69}.Debug|Any CPU.Deploy.0 = Debug|Any CPU
		{439EDF54-4595-499D-AC90-1548D7FF9C69}.Debug|ARM.ActiveCfg = Debug|Any CPU
		{439EDF54-4595-499D-AC90-1548D7FF9C69}.Debug|ARM.Build.0 = Debug|Any CPU
		{439EDF54-4595-499D-AC90-1548D7FF9C69}.Debug|ARM.Deploy.0 = Debug|Any CPU
		{439EDF54-4595-499D-AC90-1548D7FF9C69}.Debug|iPhone.ActiveCfg = Debug|Any CPU
		{439EDF54-4595-499D-AC90-1548D7FF9C69}.Debug|iPhone.Build.0 = Debug|Any CPU
		{439EDF54-4595-499D-AC90-1548D7FF9C69}.Debug|iPhone.Deploy.0 = Debug|Any CPU
		{439EDF54-4595-499D-AC90-1548D7FF9C69}.Debug|iPhoneSimulator.ActiveCfg = Debug|Any CPU
		{439EDF54-4595-499D-AC90-1548D7FF9C69}.Debug|iPhoneSimulator.Build.0 = Debug|Any CPU
		{439EDF54-4595-499D-AC90-1548D7FF9C69}.Debug|iPhoneSimulator.Deploy.0 = Debug|Any CPU
		{439EDF54-4595-499D-AC90-1548D7FF9C69}.Debug|x64.ActiveCfg = Debug|Any CPU
		{439EDF54-4595-499D-AC90-1548D7FF9C69}.Debug|x64.Build.0 = Debug|Any CPU
		{439EDF54-4595-499D-AC90-1548D7FF9C69}.Debug|x64.Deploy.0 = Debug|Any CPU
		{439EDF54-4595-499D-AC90-1548D7FF9C69}.Debug|x86.ActiveCfg = Debug|Any CPU
		{439EDF54-4595-499D-AC90-1548D7FF9C69}.Debug|x86.Build.0 = Debug|Any CPU
		{439EDF54-4595-499D-AC90-1548D7FF9C69}.Debug|x86.Deploy.0 = Debug|Any CPU
		{439EDF54-4595-499D-AC90-1548D7FF9C69}.Release|Any CPU.ActiveCfg = Release|Any CPU
		{439EDF54-4595-499D-AC90-1548D7FF9C69}.Release|Any CPU.Build.0 = Release|Any CPU
		{439EDF54-4595-499D-AC90-1548D7FF9C69}.Release|Any CPU.Deploy.0 = Release|Any CPU
		{439EDF54-4595-499D-AC90-1548D7FF9C69}.Release|ARM.ActiveCfg = Release|Any CPU
		{439EDF54-4595-499D-AC90-1548D7FF9C69}.Release|ARM.Build.0 = Release|Any CPU
		{439EDF54-4595-499D-AC90-1548D7FF9C69}.Release|ARM.Deploy.0 = Release|Any CPU
		{439EDF54-4595-499D-AC90-1548D7FF9C69}.Release|iPhone.ActiveCfg = Release|Any CPU
		{439EDF54-4595-499D-AC90-1548D7FF9C69}.Release|iPhone.Build.0 = Release|Any CPU
		{439EDF54-4595-499D-AC90-1548D7FF9C69}.Release|iPhone.Deploy.0 = Release|Any CPU
		{439EDF54-4595-499D-AC90-1548D7FF9C69}.Release|iPhoneSimulator.ActiveCfg = Release|Any CPU
		{439EDF54-4595-499D-AC90-1548D7FF9C69}.Release|iPhoneSimulator.Build.0 = Release|Any CPU
		{439EDF54-4595-499D-AC90-1548D7FF9C69}.Release|iPhoneSimulator.Deploy.0 = Release|Any CPU
		{439EDF54-4595-499D-AC90-1548D7FF9C69}.Release|x64.ActiveCfg = Release|Any CPU
		{439EDF54-4595-499D-AC90-1548D7FF9C69}.Release|x64.Build.0 = Release|Any CPU
		{439EDF54-4595-499D-AC90-1548D7FF9C69}.Release|x64.Deploy.0 = Release|Any CPU
		{439EDF54-4595-499D-AC90-1548D7FF9C69}.Release|x86.ActiveCfg = Release|Any CPU
		{439EDF54-4595-499D-AC90-1548D7FF9C69}.Release|x86.Build.0 = Release|Any CPU
		{439EDF54-4595-499D-AC90-1548D7FF9C69}.Release|x86.Deploy.0 = Release|Any CPU
		{CB98C3EE-E9F1-4C58-9ED7-B5AC0EB32198}.Ad-Hoc|Any CPU.ActiveCfg = Ad-Hoc|iPhone
		{CB98C3EE-E9F1-4C58-9ED7-B5AC0EB32198}.Ad-Hoc|ARM.ActiveCfg = Ad-Hoc|iPhone
		{CB98C3EE-E9F1-4C58-9ED7-B5AC0EB32198}.Ad-Hoc|iPhone.ActiveCfg = Ad-Hoc|iPhone
		{CB98C3EE-E9F1-4C58-9ED7-B5AC0EB32198}.Ad-Hoc|iPhone.Build.0 = Ad-Hoc|iPhone
		{CB98C3EE-E9F1-4C58-9ED7-B5AC0EB32198}.Ad-Hoc|iPhoneSimulator.ActiveCfg = Ad-Hoc|iPhoneSimulator
		{CB98C3EE-E9F1-4C58-9ED7-B5AC0EB32198}.Ad-Hoc|iPhoneSimulator.Build.0 = Ad-Hoc|iPhoneSimulator
		{CB98C3EE-E9F1-4C58-9ED7-B5AC0EB32198}.Ad-Hoc|x64.ActiveCfg = Ad-Hoc|iPhone
		{CB98C3EE-E9F1-4C58-9ED7-B5AC0EB32198}.Ad-Hoc|x86.ActiveCfg = Ad-Hoc|iPhone
		{CB98C3EE-E9F1-4C58-9ED7-B5AC0EB32198}.AppStore|Any CPU.ActiveCfg = AppStore|iPhone
		{CB98C3EE-E9F1-4C58-9ED7-B5AC0EB32198}.AppStore|ARM.ActiveCfg = AppStore|iPhone
		{CB98C3EE-E9F1-4C58-9ED7-B5AC0EB32198}.AppStore|iPhone.ActiveCfg = AppStore|iPhone
		{CB98C3EE-E9F1-4C58-9ED7-B5AC0EB32198}.AppStore|iPhone.Build.0 = AppStore|iPhone
		{CB98C3EE-E9F1-4C58-9ED7-B5AC0EB32198}.AppStore|iPhoneSimulator.ActiveCfg = AppStore|iPhoneSimulator
		{CB98C3EE-E9F1-4C58-9ED7-B5AC0EB32198}.AppStore|iPhoneSimulator.Build.0 = AppStore|iPhoneSimulator
		{CB98C3EE-E9F1-4C58-9ED7-B5AC0EB32198}.AppStore|x64.ActiveCfg = AppStore|iPhone
		{CB98C3EE-E9F1-4C58-9ED7-B5AC0EB32198}.AppStore|x86.ActiveCfg = AppStore|iPhone
		{CB98C3EE-E9F1-4C58-9ED7-B5AC0EB32198}.Debug|Any CPU.ActiveCfg = Debug|iPhone
		{CB98C3EE-E9F1-4C58-9ED7-B5AC0EB32198}.Debug|ARM.ActiveCfg = Debug|iPhone
		{CB98C3EE-E9F1-4C58-9ED7-B5AC0EB32198}.Debug|iPhone.ActiveCfg = Debug|iPhone
		{CB98C3EE-E9F1-4C58-9ED7-B5AC0EB32198}.Debug|iPhone.Build.0 = Debug|iPhone
		{CB98C3EE-E9F1-4C58-9ED7-B5AC0EB32198}.Debug|iPhoneSimulator.ActiveCfg = Debug|iPhoneSimulator
		{CB98C3EE-E9F1-4C58-9ED7-B5AC0EB32198}.Debug|iPhoneSimulator.Build.0 = Debug|iPhoneSimulator
		{CB98C3EE-E9F1-4C58-9ED7-B5AC0EB32198}.Debug|x64.ActiveCfg = Debug|iPhone
		{CB98C3EE-E9F1-4C58-9ED7-B5AC0EB32198}.Debug|x86.ActiveCfg = Debug|iPhone
		{CB98C3EE-E9F1-4C58-9ED7-B5AC0EB32198}.Release|Any CPU.ActiveCfg = Release|iPhone
		{CB98C3EE-E9F1-4C58-9ED7-B5AC0EB32198}.Release|ARM.ActiveCfg = Release|iPhone
		{CB98C3EE-E9F1-4C58-9ED7-B5AC0EB32198}.Release|iPhone.ActiveCfg = Release|iPhone
		{CB98C3EE-E9F1-4C58-9ED7-B5AC0EB32198}.Release|iPhone.Build.0 = Release|iPhone
		{CB98C3EE-E9F1-4C58-9ED7-B5AC0EB32198}.Release|iPhoneSimulator.ActiveCfg = Release|iPhoneSimulator
		{CB98C3EE-E9F1-4C58-9ED7-B5AC0EB32198}.Release|iPhoneSimulator.Build.0 = Release|iPhoneSimulator
		{CB98C3EE-E9F1-4C58-9ED7-B5AC0EB32198}.Release|x64.ActiveCfg = Release|iPhone
		{CB98C3EE-E9F1-4C58-9ED7-B5AC0EB32198}.Release|x86.ActiveCfg = Release|iPhone
		{1F13FF29-5008-49B2-AB18-8F931C1D9269}.Ad-Hoc|Any CPU.ActiveCfg = Release|Any CPU
		{1F13FF29-5008-49B2-AB18-8F931C1D9269}.Ad-Hoc|Any CPU.Build.0 = Release|Any CPU
		{1F13FF29-5008-49B2-AB18-8F931C1D9269}.Ad-Hoc|Any CPU.Deploy.0 = Release|Any CPU
		{1F13FF29-5008-49B2-AB18-8F931C1D9269}.Ad-Hoc|ARM.ActiveCfg = Release|ARM
		{1F13FF29-5008-49B2-AB18-8F931C1D9269}.Ad-Hoc|ARM.Build.0 = Release|ARM
		{1F13FF29-5008-49B2-AB18-8F931C1D9269}.Ad-Hoc|ARM.Deploy.0 = Release|ARM
		{1F13FF29-5008-49B2-AB18-8F931C1D9269}.Ad-Hoc|iPhone.ActiveCfg = Release|Any CPU
		{1F13FF29-5008-49B2-AB18-8F931C1D9269}.Ad-Hoc|iPhone.Build.0 = Release|Any CPU
		{1F13FF29-5008-49B2-AB18-8F931C1D9269}.Ad-Hoc|iPhone.Deploy.0 = Release|Any CPU
		{1F13FF29-5008-49B2-AB18-8F931C1D9269}.Ad-Hoc|iPhoneSimulator.ActiveCfg = Release|Any CPU
		{1F13FF29-5008-49B2-AB18-8F931C1D9269}.Ad-Hoc|iPhoneSimulator.Build.0 = Release|Any CPU
		{1F13FF29-5008-49B2-AB18-8F931C1D9269}.Ad-Hoc|iPhoneSimulator.Deploy.0 = Release|Any CPU
		{1F13FF29-5008-49B2-AB18-8F931C1D9269}.Ad-Hoc|x64.ActiveCfg = Release|Any CPU
		{1F13FF29-5008-49B2-AB18-8F931C1D9269}.Ad-Hoc|x64.Build.0 = Release|Any CPU
		{1F13FF29-5008-49B2-AB18-8F931C1D9269}.Ad-Hoc|x64.Deploy.0 = Release|Any CPU
		{1F13FF29-5008-49B2-AB18-8F931C1D9269}.Ad-Hoc|x86.ActiveCfg = Release|x86
		{1F13FF29-5008-49B2-AB18-8F931C1D9269}.Ad-Hoc|x86.Build.0 = Release|x86
		{1F13FF29-5008-49B2-AB18-8F931C1D9269}.Ad-Hoc|x86.Deploy.0 = Release|x86
		{1F13FF29-5008-49B2-AB18-8F931C1D9269}.AppStore|Any CPU.ActiveCfg = Release|Any CPU
		{1F13FF29-5008-49B2-AB18-8F931C1D9269}.AppStore|Any CPU.Build.0 = Release|Any CPU
		{1F13FF29-5008-49B2-AB18-8F931C1D9269}.AppStore|Any CPU.Deploy.0 = Release|Any CPU
		{1F13FF29-5008-49B2-AB18-8F931C1D9269}.AppStore|ARM.ActiveCfg = Release|ARM
		{1F13FF29-5008-49B2-AB18-8F931C1D9269}.AppStore|ARM.Build.0 = Release|ARM
		{1F13FF29-5008-49B2-AB18-8F931C1D9269}.AppStore|ARM.Deploy.0 = Release|ARM
		{1F13FF29-5008-49B2-AB18-8F931C1D9269}.AppStore|iPhone.ActiveCfg = Release|Any CPU
		{1F13FF29-5008-49B2-AB18-8F931C1D9269}.AppStore|iPhone.Build.0 = Release|Any CPU
		{1F13FF29-5008-49B2-AB18-8F931C1D9269}.AppStore|iPhone.Deploy.0 = Release|Any CPU
		{1F13FF29-5008-49B2-AB18-8F931C1D9269}.AppStore|iPhoneSimulator.ActiveCfg = Release|Any CPU
		{1F13FF29-5008-49B2-AB18-8F931C1D9269}.AppStore|iPhoneSimulator.Build.0 = Release|Any CPU
		{1F13FF29-5008-49B2-AB18-8F931C1D9269}.AppStore|iPhoneSimulator.Deploy.0 = Release|Any CPU
		{1F13FF29-5008-49B2-AB18-8F931C1D9269}.AppStore|x64.ActiveCfg = Release|Any CPU
		{1F13FF29-5008-49B2-AB18-8F931C1D9269}.AppStore|x64.Build.0 = Release|Any CPU
		{1F13FF29-5008-49B2-AB18-8F931C1D9269}.AppStore|x64.Deploy.0 = Release|Any CPU
		{1F13FF29-5008-49B2-AB18-8F931C1D9269}.AppStore|x86.ActiveCfg = Release|x86
		{1F13FF29-5008-49B2-AB18-8F931C1D9269}.AppStore|x86.Build.0 = Release|x86
		{1F13FF29-5008-49B2-AB18-8F931C1D9269}.AppStore|x86.Deploy.0 = Release|x86
		{1F13FF29-5008-49B2-AB18-8F931C1D9269}.Debug|Any CPU.ActiveCfg = Debug|Any CPU
		{1F13FF29-5008-49B2-AB18-8F931C1D9269}.Debug|Any CPU.Build.0 = Debug|Any CPU
		{1F13FF29-5008-49B2-AB18-8F931C1D9269}.Debug|Any CPU.Deploy.0 = Debug|Any CPU
		{1F13FF29-5008-49B2-AB18-8F931C1D9269}.Debug|ARM.ActiveCfg = Debug|ARM
		{1F13FF29-5008-49B2-AB18-8F931C1D9269}.Debug|ARM.Build.0 = Debug|ARM
		{1F13FF29-5008-49B2-AB18-8F931C1D9269}.Debug|ARM.Deploy.0 = Debug|ARM
		{1F13FF29-5008-49B2-AB18-8F931C1D9269}.Debug|iPhone.ActiveCfg = Debug|Any CPU
		{1F13FF29-5008-49B2-AB18-8F931C1D9269}.Debug|iPhone.Build.0 = Debug|Any CPU
		{1F13FF29-5008-49B2-AB18-8F931C1D9269}.Debug|iPhone.Deploy.0 = Debug|Any CPU
		{1F13FF29-5008-49B2-AB18-8F931C1D9269}.Debug|iPhoneSimulator.ActiveCfg = Debug|Any CPU
		{1F13FF29-5008-49B2-AB18-8F931C1D9269}.Debug|iPhoneSimulator.Build.0 = Debug|Any CPU
		{1F13FF29-5008-49B2-AB18-8F931C1D9269}.Debug|iPhoneSimulator.Deploy.0 = Debug|Any CPU
		{1F13FF29-5008-49B2-AB18-8F931C1D9269}.Debug|x64.ActiveCfg = Debug|Any CPU
		{1F13FF29-5008-49B2-AB18-8F931C1D9269}.Debug|x64.Build.0 = Debug|Any CPU
		{1F13FF29-5008-49B2-AB18-8F931C1D9269}.Debug|x64.Deploy.0 = Debug|Any CPU
		{1F13FF29-5008-49B2-AB18-8F931C1D9269}.Debug|x86.ActiveCfg = Debug|x86
		{1F13FF29-5008-49B2-AB18-8F931C1D9269}.Debug|x86.Build.0 = Debug|x86
		{1F13FF29-5008-49B2-AB18-8F931C1D9269}.Debug|x86.Deploy.0 = Debug|x86
		{1F13FF29-5008-49B2-AB18-8F931C1D9269}.Release|Any CPU.ActiveCfg = Release|Any CPU
		{1F13FF29-5008-49B2-AB18-8F931C1D9269}.Release|Any CPU.Build.0 = Release|Any CPU
		{1F13FF29-5008-49B2-AB18-8F931C1D9269}.Release|Any CPU.Deploy.0 = Release|Any CPU
		{1F13FF29-5008-49B2-AB18-8F931C1D9269}.Release|ARM.ActiveCfg = Release|ARM
		{1F13FF29-5008-49B2-AB18-8F931C1D9269}.Release|ARM.Build.0 = Release|ARM
		{1F13FF29-5008-49B2-AB18-8F931C1D9269}.Release|ARM.Deploy.0 = Release|ARM
		{1F13FF29-5008-49B2-AB18-8F931C1D9269}.Release|iPhone.ActiveCfg = Release|Any CPU
		{1F13FF29-5008-49B2-AB18-8F931C1D9269}.Release|iPhone.Build.0 = Release|Any CPU
		{1F13FF29-5008-49B2-AB18-8F931C1D9269}.Release|iPhone.Deploy.0 = Release|Any CPU
		{1F13FF29-5008-49B2-AB18-8F931C1D9269}.Release|iPhoneSimulator.ActiveCfg = Release|Any CPU
		{1F13FF29-5008-49B2-AB18-8F931C1D9269}.Release|iPhoneSimulator.Build.0 = Release|Any CPU
		{1F13FF29-5008-49B2-AB18-8F931C1D9269}.Release|iPhoneSimulator.Deploy.0 = Release|Any CPU
		{1F13FF29-5008-49B2-AB18-8F931C1D9269}.Release|x64.ActiveCfg = Release|Any CPU
		{1F13FF29-5008-49B2-AB18-8F931C1D9269}.Release|x64.Build.0 = Release|Any CPU
		{1F13FF29-5008-49B2-AB18-8F931C1D9269}.Release|x64.Deploy.0 = Release|Any CPU
		{1F13FF29-5008-49B2-AB18-8F931C1D9269}.Release|x86.ActiveCfg = Release|x86
		{1F13FF29-5008-49B2-AB18-8F931C1D9269}.Release|x86.Build.0 = Release|x86
		{1F13FF29-5008-49B2-AB18-8F931C1D9269}.Release|x86.Deploy.0 = Release|x86
		{67F9D3A8-F71E-4428-913F-C37AE82CDB24}.Ad-Hoc|Any CPU.ActiveCfg = Release|Any CPU
		{67F9D3A8-F71E-4428-913F-C37AE82CDB24}.Ad-Hoc|Any CPU.Build.0 = Release|Any CPU
		{67F9D3A8-F71E-4428-913F-C37AE82CDB24}.Ad-Hoc|ARM.ActiveCfg = Release|Any CPU
		{67F9D3A8-F71E-4428-913F-C37AE82CDB24}.Ad-Hoc|ARM.Build.0 = Release|Any CPU
		{67F9D3A8-F71E-4428-913F-C37AE82CDB24}.Ad-Hoc|iPhone.ActiveCfg = Release|Any CPU
		{67F9D3A8-F71E-4428-913F-C37AE82CDB24}.Ad-Hoc|iPhone.Build.0 = Release|Any CPU
		{67F9D3A8-F71E-4428-913F-C37AE82CDB24}.Ad-Hoc|iPhoneSimulator.ActiveCfg = Release|Any CPU
		{67F9D3A8-F71E-4428-913F-C37AE82CDB24}.Ad-Hoc|iPhoneSimulator.Build.0 = Release|Any CPU
		{67F9D3A8-F71E-4428-913F-C37AE82CDB24}.Ad-Hoc|x64.ActiveCfg = Release|Any CPU
		{67F9D3A8-F71E-4428-913F-C37AE82CDB24}.Ad-Hoc|x64.Build.0 = Release|Any CPU
		{67F9D3A8-F71E-4428-913F-C37AE82CDB24}.Ad-Hoc|x86.ActiveCfg = Release|Any CPU
		{67F9D3A8-F71E-4428-913F-C37AE82CDB24}.Ad-Hoc|x86.Build.0 = Release|Any CPU
		{67F9D3A8-F71E-4428-913F-C37AE82CDB24}.AppStore|Any CPU.ActiveCfg = Release|Any CPU
		{67F9D3A8-F71E-4428-913F-C37AE82CDB24}.AppStore|Any CPU.Build.0 = Release|Any CPU
		{67F9D3A8-F71E-4428-913F-C37AE82CDB24}.AppStore|ARM.ActiveCfg = Release|Any CPU
		{67F9D3A8-F71E-4428-913F-C37AE82CDB24}.AppStore|ARM.Build.0 = Release|Any CPU
		{67F9D3A8-F71E-4428-913F-C37AE82CDB24}.AppStore|iPhone.ActiveCfg = Release|Any CPU
		{67F9D3A8-F71E-4428-913F-C37AE82CDB24}.AppStore|iPhone.Build.0 = Release|Any CPU
		{67F9D3A8-F71E-4428-913F-C37AE82CDB24}.AppStore|iPhoneSimulator.ActiveCfg = Release|Any CPU
		{67F9D3A8-F71E-4428-913F-C37AE82CDB24}.AppStore|iPhoneSimulator.Build.0 = Release|Any CPU
		{67F9D3A8-F71E-4428-913F-C37AE82CDB24}.AppStore|x64.ActiveCfg = Release|Any CPU
		{67F9D3A8-F71E-4428-913F-C37AE82CDB24}.AppStore|x64.Build.0 = Release|Any CPU
		{67F9D3A8-F71E-4428-913F-C37AE82CDB24}.AppStore|x86.ActiveCfg = Release|Any CPU
		{67F9D3A8-F71E-4428-913F-C37AE82CDB24}.AppStore|x86.Build.0 = Release|Any CPU
		{67F9D3A8-F71E-4428-913F-C37AE82CDB24}.Debug|Any CPU.ActiveCfg = Debug|Any CPU
		{67F9D3A8-F71E-4428-913F-C37AE82CDB24}.Debug|Any CPU.Build.0 = Debug|Any CPU
		{67F9D3A8-F71E-4428-913F-C37AE82CDB24}.Debug|ARM.ActiveCfg = Debug|Any CPU
		{67F9D3A8-F71E-4428-913F-C37AE82CDB24}.Debug|ARM.Build.0 = Debug|Any CPU
		{67F9D3A8-F71E-4428-913F-C37AE82CDB24}.Debug|iPhone.ActiveCfg = Debug|Any CPU
		{67F9D3A8-F71E-4428-913F-C37AE82CDB24}.Debug|iPhone.Build.0 = Debug|Any CPU
		{67F9D3A8-F71E-4428-913F-C37AE82CDB24}.Debug|iPhoneSimulator.ActiveCfg = Debug|Any CPU
		{67F9D3A8-F71E-4428-913F-C37AE82CDB24}.Debug|iPhoneSimulator.Build.0 = Debug|Any CPU
		{67F9D3A8-F71E-4428-913F-C37AE82CDB24}.Debug|x64.ActiveCfg = Debug|Any CPU
		{67F9D3A8-F71E-4428-913F-C37AE82CDB24}.Debug|x64.Build.0 = Debug|Any CPU
		{67F9D3A8-F71E-4428-913F-C37AE82CDB24}.Debug|x86.ActiveCfg = Debug|Any CPU
		{67F9D3A8-F71E-4428-913F-C37AE82CDB24}.Debug|x86.Build.0 = Debug|Any CPU
		{67F9D3A8-F71E-4428-913F-C37AE82CDB24}.Release|Any CPU.ActiveCfg = Release|Any CPU
		{67F9D3A8-F71E-4428-913F-C37AE82CDB24}.Release|Any CPU.Build.0 = Release|Any CPU
		{67F9D3A8-F71E-4428-913F-C37AE82CDB24}.Release|ARM.ActiveCfg = Release|Any CPU
		{67F9D3A8-F71E-4428-913F-C37AE82CDB24}.Release|ARM.Build.0 = Release|Any CPU
		{67F9D3A8-F71E-4428-913F-C37AE82CDB24}.Release|iPhone.ActiveCfg = Release|Any CPU
		{67F9D3A8-F71E-4428-913F-C37AE82CDB24}.Release|iPhone.Build.0 = Release|Any CPU
		{67F9D3A8-F71E-4428-913F-C37AE82CDB24}.Release|iPhoneSimulator.ActiveCfg = Release|Any CPU
		{67F9D3A8-F71E-4428-913F-C37AE82CDB24}.Release|iPhoneSimulator.Build.0 = Release|Any CPU
		{67F9D3A8-F71E-4428-913F-C37AE82CDB24}.Release|x64.ActiveCfg = Release|Any CPU
		{67F9D3A8-F71E-4428-913F-C37AE82CDB24}.Release|x64.Build.0 = Release|Any CPU
		{67F9D3A8-F71E-4428-913F-C37AE82CDB24}.Release|x86.ActiveCfg = Release|Any CPU
		{67F9D3A8-F71E-4428-913F-C37AE82CDB24}.Release|x86.Build.0 = Release|Any CPU
		{DF969C53-F0E6-468C-B0D9-F1ACB3C7C750}.Ad-Hoc|Any CPU.ActiveCfg = Release|Any CPU
		{DF969C53-F0E6-468C-B0D9-F1ACB3C7C750}.Ad-Hoc|Any CPU.Build.0 = Release|Any CPU
		{DF969C53-F0E6-468C-B0D9-F1ACB3C7C750}.Ad-Hoc|ARM.ActiveCfg = Release|Any CPU
		{DF969C53-F0E6-468C-B0D9-F1ACB3C7C750}.Ad-Hoc|ARM.Build.0 = Release|Any CPU
		{DF969C53-F0E6-468C-B0D9-F1ACB3C7C750}.Ad-Hoc|iPhone.ActiveCfg = Release|Any CPU
		{DF969C53-F0E6-468C-B0D9-F1ACB3C7C750}.Ad-Hoc|iPhone.Build.0 = Release|Any CPU
		{DF969C53-F0E6-468C-B0D9-F1ACB3C7C750}.Ad-Hoc|iPhoneSimulator.ActiveCfg = Release|Any CPU
		{DF969C53-F0E6-468C-B0D9-F1ACB3C7C750}.Ad-Hoc|iPhoneSimulator.Build.0 = Release|Any CPU
		{DF969C53-F0E6-468C-B0D9-F1ACB3C7C750}.Ad-Hoc|x64.ActiveCfg = Release|Any CPU
		{DF969C53-F0E6-468C-B0D9-F1ACB3C7C750}.Ad-Hoc|x64.Build.0 = Release|Any CPU
		{DF969C53-F0E6-468C-B0D9-F1ACB3C7C750}.Ad-Hoc|x86.ActiveCfg = Release|Any CPU
		{DF969C53-F0E6-468C-B0D9-F1ACB3C7C750}.Ad-Hoc|x86.Build.0 = Release|Any CPU
		{DF969C53-F0E6-468C-B0D9-F1ACB3C7C750}.AppStore|Any CPU.ActiveCfg = Release|Any CPU
		{DF969C53-F0E6-468C-B0D9-F1ACB3C7C750}.AppStore|Any CPU.Build.0 = Release|Any CPU
		{DF969C53-F0E6-468C-B0D9-F1ACB3C7C750}.AppStore|ARM.ActiveCfg = Release|Any CPU
		{DF969C53-F0E6-468C-B0D9-F1ACB3C7C750}.AppStore|ARM.Build.0 = Release|Any CPU
		{DF969C53-F0E6-468C-B0D9-F1ACB3C7C750}.AppStore|iPhone.ActiveCfg = Release|Any CPU
		{DF969C53-F0E6-468C-B0D9-F1ACB3C7C750}.AppStore|iPhone.Build.0 = Release|Any CPU
		{DF969C53-F0E6-468C-B0D9-F1ACB3C7C750}.AppStore|iPhoneSimulator.ActiveCfg = Release|Any CPU
		{DF969C53-F0E6-468C-B0D9-F1ACB3C7C750}.AppStore|iPhoneSimulator.Build.0 = Release|Any CPU
		{DF969C53-F0E6-468C-B0D9-F1ACB3C7C750}.AppStore|x64.ActiveCfg = Release|Any CPU
		{DF969C53-F0E6-468C-B0D9-F1ACB3C7C750}.AppStore|x64.Build.0 = Release|Any CPU
		{DF969C53-F0E6-468C-B0D9-F1ACB3C7C750}.AppStore|x86.ActiveCfg = Release|Any CPU
		{DF969C53-F0E6-468C-B0D9-F1ACB3C7C750}.AppStore|x86.Build.0 = Release|Any CPU
		{DF969C53-F0E6-468C-B0D9-F1ACB3C7C750}.Debug|Any CPU.ActiveCfg = Debug|Any CPU
		{DF969C53-F0E6-468C-B0D9-F1ACB3C7C750}.Debug|Any CPU.Build.0 = Debug|Any CPU
		{DF969C53-F0E6-468C-B0D9-F1ACB3C7C750}.Debug|ARM.ActiveCfg = Debug|Any CPU
		{DF969C53-F0E6-468C-B0D9-F1ACB3C7C750}.Debug|ARM.Build.0 = Debug|Any CPU
		{DF969C53-F0E6-468C-B0D9-F1ACB3C7C750}.Debug|iPhone.ActiveCfg = Debug|Any CPU
		{DF969C53-F0E6-468C-B0D9-F1ACB3C7C750}.Debug|iPhone.Build.0 = Debug|Any CPU
		{DF969C53-F0E6-468C-B0D9-F1ACB3C7C750}.Debug|iPhoneSimulator.ActiveCfg = Debug|Any CPU
		{DF969C53-F0E6-468C-B0D9-F1ACB3C7C750}.Debug|iPhoneSimulator.Build.0 = Debug|Any CPU
		{DF969C53-F0E6-468C-B0D9-F1ACB3C7C750}.Debug|x64.ActiveCfg = Debug|Any CPU
		{DF969C53-F0E6-468C-B0D9-F1ACB3C7C750}.Debug|x64.Build.0 = Debug|Any CPU
		{DF969C53-F0E6-468C-B0D9-F1ACB3C7C750}.Debug|x86.ActiveCfg = Debug|Any CPU
		{DF969C53-F0E6-468C-B0D9-F1ACB3C7C750}.Debug|x86.Build.0 = Debug|Any CPU
		{DF969C53-F0E6-468C-B0D9-F1ACB3C7C750}.Release|Any CPU.ActiveCfg = Release|Any CPU
		{DF969C53-F0E6-468C-B0D9-F1ACB3C7C750}.Release|Any CPU.Build.0 = Release|Any CPU
		{DF969C53-F0E6-468C-B0D9-F1ACB3C7C750}.Release|ARM.ActiveCfg = Release|Any CPU
		{DF969C53-F0E6-468C-B0D9-F1ACB3C7C750}.Release|ARM.Build.0 = Release|Any CPU
		{DF969C53-F0E6-468C-B0D9-F1ACB3C7C750}.Release|iPhone.ActiveCfg = Release|Any CPU
		{DF969C53-F0E6-468C-B0D9-F1ACB3C7C750}.Release|iPhone.Build.0 = Release|Any CPU
		{DF969C53-F0E6-468C-B0D9-F1ACB3C7C750}.Release|iPhoneSimulator.ActiveCfg = Release|Any CPU
		{DF969C53-F0E6-468C-B0D9-F1ACB3C7C750}.Release|iPhoneSimulator.Build.0 = Release|Any CPU
		{DF969C53-F0E6-468C-B0D9-F1ACB3C7C750}.Release|x64.ActiveCfg = Release|Any CPU
		{DF969C53-F0E6-468C-B0D9-F1ACB3C7C750}.Release|x64.Build.0 = Release|Any CPU
		{DF969C53-F0E6-468C-B0D9-F1ACB3C7C750}.Release|x86.ActiveCfg = Release|Any CPU
		{DF969C53-F0E6-468C-B0D9-F1ACB3C7C750}.Release|x86.Build.0 = Release|Any CPU
	EndGlobalSection
	GlobalSection(SolutionProperties) = preSolution
		HideSolutionNode = FALSE
	EndGlobalSection
EndGlobal
